
Microsoft Visual Studio Solution File, Format Version 12.00
# Visual Studio Version 17
VisualStudioVersion = 17.5.33414.496
MinimumVisualStudioVersion = 10.0.40219.1
Project("{FAE04EC0-301F-11D3-BF4B-00C04F79EFBC}") = "ApiSniffer", "ApiSniffer\ApiSniffer.csproj", "{3D6CFF23-2FD8-40F3-BB9D-2ED0EC888DCE}"
EndProject
Global
	GlobalSection(SolutionConfigurationPlatforms) = preSolution
		Debug|Any CPU = Debug|Any CPU
		Release|Any CPU = Release|Any CPU
	EndGlobalSection
	GlobalSection(ProjectConfigurationPlatforms) = postSolution
		{3D6CFF23-2FD8-40F3-BB9D-2ED0EC888DCE}.Debug|Any CPU.ActiveCfg = Debug|Any CPU
		{3D6CFF23-2FD8-40F3-BB9D-2ED0EC888DCE}.Debug|Any CPU.Build.0 = Debug|Any CPU
		{3D6CFF23-2FD8-40F3-BB9D-2ED0EC888DCE}.Release|Any CPU.ActiveCfg = Release|Any CPU
		{3D6CFF23-2FD8-40F3-BB9D-2ED0EC888DCE}.Release|Any CPU.Build.0 = Release|Any CPU
	EndGlobalSection
	GlobalSection(SolutionProperties) = preSolution
		HideSolutionNode = FALSE
	EndGlobalSection
	GlobalSection(ExtensibilityGlobals) = postSolution
		SolutionGuid = {A4F00056-A3B2-4C46-BEE7-DF6B6B059B3D}
	EndGlobalSection
EndGlobal
